// !$*UTF8*$!
{
	archiveVersion = 1;
	classes = {
	};
	objectVersion = 46;
	objects = {

/* Begin PBXBuildFile section */
		8532D9DA1D94F4BA00DE4141 /* AppDelegate.swift in Sources */ = {isa = PBXBuildFile; fileRef = 8532D9D91D94F4BA00DE4141 /* AppDelegate.swift */; };
		8532D9DC1D94F4BA00DE4141 /* ViewController.swift in Sources */ = {isa = PBXBuildFile; fileRef = 8532D9DB1D94F4BA00DE4141 /* ViewController.swift */; };
		8532D9DF1D94F4BA00DE4141 /* Main.storyboard in Resources */ = {isa = PBXBuildFile; fileRef = 8532D9DD1D94F4BA00DE4141 /* Main.storyboard */; };
		8532D9E11D94F4BA00DE4141 /* Assets.xcassets in Resources */ = {isa = PBXBuildFile; fileRef = 8532D9E01D94F4BA00DE4141 /* Assets.xcassets */; };
		8532D9E41D94F4BA00DE4141 /* LaunchScreen.storyboard in Resources */ = {isa = PBXBuildFile; fileRef = 8532D9E21D94F4BA00DE4141 /* LaunchScreen.storyboard */; };
		8532D9EE1D94F74200DE4141 /* SWRevealViewController.m in Sources */ = {isa = PBXBuildFile; fileRef = 8532D9ED1D94F74200DE4141 /* SWRevealViewController.m */; };
		85BA5F171D98FC6F001FF58C /* SlideMenuItem.swift in Sources */ = {isa = PBXBuildFile; fileRef = 85BA5F151D98FC6F001FF58C /* SlideMenuItem.swift */; };
		85BA5F181D98FC6F001FF58C /* SlideMenuItem.xib in Resources */ = {isa = PBXBuildFile; fileRef = 85BA5F161D98FC6F001FF58C /* SlideMenuItem.xib */; };
		85BA5F1A1D990051001FF58C /* SlideoutViewController.swift in Sources */ = {isa = PBXBuildFile; fileRef = 85BA5F191D990051001FF58C /* SlideoutViewController.swift */; };
		85BA5F1C1D994383001FF58C /* SettingViewController.swift in Sources */ = {isa = PBXBuildFile; fileRef = 85BA5F1B1D994383001FF58C /* SettingViewController.swift */; };
/* End PBXBuildFile section */

/* Begin PBXFileReference section */
		8532D9D61D94F4BA00DE4141 /* SlideoutMenuSwift.app */ = {isa = PBXFileReference; explicitFileType = wrapper.application; includeInIndex = 0; path = SlideoutMenuSwift.app; sourceTree = BUILT_PRODUCTS_DIR; };
		8532D9D91D94F4BA00DE4141 /* AppDelegate.swift */ = {isa = PBXFileReference; lastKnownFileType = sourcecode.swift; path = AppDelegate.swift; sourceTree = "<group>"; };
		8532D9DB1D94F4BA00DE4141 /* ViewController.swift */ = {isa = PBXFileReference; lastKnownFileType = sourcecode.swift; path = ViewController.swift; sourceTree = "<group>"; };
		8532D9DE1D94F4BA00DE4141 /* Base */ = {isa = PBXFileReference; lastKnownFileType = file.storyboard; name = Base; path = Base.lproj/Main.storyboard; sourceTree = "<group>"; };
		8532D9E01D94F4BA00DE4141 /* Assets.xcassets */ = {isa = PBXFileReference; lastKnownFileType = folder.assetcatalog; path = Assets.xcassets; sourceTree = "<group>"; };
		8532D9E31D94F4BA00DE4141 /* Base */ = {isa = PBXFileReference; lastKnownFileType = file.storyboard; name = Base; path = Base.lproj/LaunchScreen.storyboard; sourceTree = "<group>"; };
		8532D9E51D94F4BA00DE4141 /* Info.plist */ = {isa = PBXFileReference; lastKnownFileType = text.plist.xml; path = Info.plist; sourceTree = "<group>"; };
		8532D9EB1D94F74100DE4141 /* SlideoutMenuSwift-Bridging-Header.h */ = {isa = PBXFileReference; lastKnownFileType = sourcecode.c.h; path = "SlideoutMenuSwift-Bridging-Header.h"; sourceTree = "<group>"; };
		8532D9EC1D94F74200DE4141 /* SWRevealViewController.h */ = {isa = PBXFileReference; fileEncoding = 4; lastKnownFileType = sourcecode.c.h; path = SWRevealViewController.h; sourceTree = "<group>"; };
		8532D9ED1D94F74200DE4141 /* SWRevealViewController.m */ = {isa = PBXFileReference; fileEncoding = 4; lastKnownFileType = sourcecode.c.objc; path = SWRevealViewController.m; sourceTree = "<group>"; };
		85BA5F151D98FC6F001FF58C /* SlideMenuItem.swift */ = {isa = PBXFileReference; fileEncoding = 4; lastKnownFileType = sourcecode.swift; path = SlideMenuItem.swift; sourceTree = "<group>"; };
		85BA5F161D98FC6F001FF58C /* SlideMenuItem.xib */ = {isa = PBXFileReference; fileEncoding = 4; lastKnownFileType = file.xib; path = SlideMenuItem.xib; sourceTree = "<group>"; };
		85BA5F191D990051001FF58C /* SlideoutViewController.swift */ = {isa = PBXFileReference; fileEncoding = 4; lastKnownFileType = sourcecode.swift; path = SlideoutViewController.swift; sourceTree = "<group>"; };
		85BA5F1B1D994383001FF58C /* SettingViewController.swift */ = {isa = PBXFileReference; fileEncoding = 4; lastKnownFileType = sourcecode.swift; path = SettingViewController.swift; sourceTree = "<group>"; };
/* End PBXFileReference section */

/* Begin PBXFrameworksBuildPhase section */
		8532D9D31D94F4BA00DE4141 /* Frameworks */ = {
			isa = PBXFrameworksBuildPhase;
			buildActionMask = 2147483647;
			files = (
			);
			runOnlyForDeploymentPostprocessing = 0;
		};
/* End PBXFrameworksBuildPhase section */

/* Begin PBXGroup section */
		8532D9CD1D94F4BA00DE4141 = {
			isa = PBXGroup;
			children = (
				8532D9D81D94F4BA00DE4141 /* SlideoutMenuSwift */,
				8532D9D71D94F4BA00DE4141 /* Products */,
			);
			sourceTree = "<group>";
		};
		8532D9D71D94F4BA00DE4141 /* Products */ = {
			isa = PBXGroup;
			children = (
				8532D9D61D94F4BA00DE4141 /* SlideoutMenuSwift.app */,
			);
			name = Products;
			sourceTree = "<group>";
		};
		8532D9D81D94F4BA00DE4141 /* SlideoutMenuSwift */ = {
			isa = PBXGroup;
			children = (
				8532D9D91D94F4BA00DE4141 /* AppDelegate.swift */,
				8532D9DD1D94F4BA00DE4141 /* Main.storyboard */,
				8532D9E21D94F4BA00DE4141 /* LaunchScreen.storyboard */,
				8532D9EB1D94F74100DE4141 /* SlideoutMenuSwift-Bridging-Header.h */,
				85BA5F151D98FC6F001FF58C /* SlideMenuItem.swift */,
				85BA5F161D98FC6F001FF58C /* SlideMenuItem.xib */,
				8532D9EC1D94F74200DE4141 /* SWRevealViewController.h */,
				8532D9ED1D94F74200DE4141 /* SWRevealViewController.m */,
				85BA5F1E1D99465E001FF58C /* View Controllers */,
				8532D9E01D94F4BA00DE4141 /* Assets.xcassets */,
				8532D9E51D94F4BA00DE4141 /* Info.plist */,
			);
			path = SlideoutMenuSwift;
			sourceTree = "<group>";
		};
		85BA5F1E1D99465E001FF58C /* View Controllers */ = {
			isa = PBXGroup;
			children = (
				8532D9DB1D94F4BA00DE4141 /* ViewController.swift */,
				85BA5F1B1D994383001FF58C /* SettingViewController.swift */,
				85BA5F191D990051001FF58C /* SlideoutViewController.swift */,
			);
			name = "View Controllers";
			sourceTree = "<group>";
		};
/* End PBXGroup section */

/* Begin PBXNativeTarget section */
		8532D9D51D94F4BA00DE4141 /* SlideoutMenuSwift */ = {
			isa = PBXNativeTarget;
			buildConfigurationList = 8532D9E81D94F4BA00DE4141 /* Build configuration list for PBXNativeTarget "SlideoutMenuSwift" */;
			buildPhases = (
				8532D9D21D94F4BA00DE4141 /* Sources */,
				8532D9D31D94F4BA00DE4141 /* Frameworks */,
				8532D9D41D94F4BA00DE4141 /* Resources */,
			);
			buildRules = (
			);
			dependencies = (
			);
			name = SlideoutMenuSwift;
			productName = SlideoutMenuSwift;
			productReference = 8532D9D61D94F4BA00DE4141 /* SlideoutMenuSwift.app */;
			productType = "com.apple.product-type.application";
		};
/* End PBXNativeTarget section */

/* Begin PBXProject section */
		8532D9CE1D94F4BA00DE4141 /* Project object */ = {
			isa = PBXProject;
			attributes = {
				LastSwiftUpdateCheck = 0730;
				LastUpgradeCheck = 0730;
				ORGANIZATIONNAME = testio2k16;
				TargetAttributes = {
					8532D9D51D94F4BA00DE4141 = {
						CreatedOnToolsVersion = 7.3.1;
					};
				};
			};
			buildConfigurationList = 8532D9D11D94F4BA00DE4141 /* Build configuration list for PBXProject "SlideoutMenuSwift" */;
			compatibilityVersion = "Xcode 3.2";
			developmentRegion = English;
			hasScannedForEncodings = 0;
			knownRegions = (
				en,
				Base,
			);
			mainGroup = 8532D9CD1D94F4BA00DE4141;
			productRefGroup = 8532D9D71D94F4BA00DE4141 /* Products */;
			projectDirPath = "";
			projectRoot = "";
			targets = (
				8532D9D51D94F4BA00DE4141 /* SlideoutMenuSwift */,
			);
		};
/* End PBXProject section */

/* Begin PBXResourcesBuildPhase section */
		8532D9D41D94F4BA00DE4141 /* Resources */ = {
			isa = PBXResourcesBuildPhase;
			buildActionMask = 2147483647;
			files = (
				8532D9E41D94F4BA00DE4141 /* LaunchScreen.storyboard in Resources */,
				8532D9E11D94F4BA00DE4141 /* Assets.xcassets in Resources */,
				8532D9DF1D94F4BA00DE4141 /* Main.storyboard in Resources */,
				85BA5F181D98FC6F001FF58C /* SlideMenuItem.xib in Resources */,
			);
			runOnlyForDeploymentPostprocessing = 0;
		};
/* End PBXResourcesBuildPhase section */

/* Begin PBXSourcesBuildPhase section */
		8532D9D21D94F4BA00DE4141 /* Sources */ = {
			isa = PBXSourcesBuildPhase;
			buildActionMask = 2147483647;
			files = (
				8532D9DC1D94F4BA00DE4141 /* ViewController.swift in Sources */,
				85BA5F1A1D990051001FF58C /* SlideoutViewController.swift in Sources */,
				85BA5F171D98FC6F001FF58C /* SlideMenuItem.swift in Sources */,
				8532D9DA1D94F4BA00DE4141 /* AppDelegate.swift in Sources */,
				8532D9EE1D94F74200DE4141 /* SWRevealViewController.m in Sources */,
				85BA5F1C1D994383001FF58C /* SettingViewController.swift in Sources */,
			);
			runOnlyForDeploymentPostprocessing = 0;
		};
/* End PBXSourcesBuildPhase section */

/* Begin PBXVariantGroup section */
		8532D9DD1D94F4BA00DE4141 /* Main.storyboard */ = {
			isa = PBXVariantGroup;
			children = (
				8532D9DE1D94F4BA00DE4141 /* Base */,
			);
			name = Main.storyboard;
			sourceTree = "<group>";
		};
		8532D9E21D94F4BA00DE4141 /* LaunchScreen.storyboard */ = {
			isa = PBXVariantGroup;
			children = (
				8532D9E31D94F4BA00DE4141 /* Base */,
			);
			name = LaunchScreen.storyboard;
			sourceTree = "<group>";
		};
/* End PBXVariantGroup section */

/* Begin XCBuildConfiguration section */
		8532D9E61D94F4BA00DE4141 /* Debug */ = {
			isa = XCBuildConfiguration;
			buildSettings = {
				ALWAYS_SEARCH_USER_PATHS = NO;
				CLANG_ANALYZER_NONNULL = YES;
				CLANG_CXX_LANGUAGE_STANDARD = "gnu++0x";
				CLANG_CXX_LIBRARY = "libc++";
				CLANG_ENABLE_MODULES = YES;
				CLANG_ENABLE_OBJC_ARC = YES;
				CLANG_WARN_BOOL_CONVERSION = YES;
				CLANG_WARN_CONSTANT_CONVERSION = YES;
				CLANG_WARN_DIRECT_OBJC_ISA_USAGE = YES_ERROR;
				CLANG_WARN_EMPTY_BODY = YES;
				CLANG_WARN_ENUM_CONVERSION = YES;
				CLANG_WARN_INT_CONVERSION = YES;
				CLANG_WARN_OBJC_ROOT_CLASS = YES_ERROR;
				CLANG_WARN_UNREACHABLE_CODE = YES;
				CLANG_WARN__DUPLICATE_METHOD_MATCH = YES;
				"CODE_SIGN_IDENTITY[sdk=iphoneos*]" = "iPhone Developer";
				COPY_PHASE_STRIP = NO;
				DEBUG_INFORMATION_FORMAT = dwarf;
				ENABLE_STRICT_OBJC_MSGSEND = YES;
				ENABLE_TESTABILITY = YES;
				GCC_C_LANGUAGE_STANDARD = gnu99;
				GCC_DYNAMIC_NO_PIC = NO;
				GCC_NO_COMMON_BLOCKS = YES;
				GCC_OPTIMIZATION_LEVEL = 0;
				GCC_PREPROCESSOR_DEFINITIONS = (
					"DEBUG=1",
					"$(inherited)",
				);
				GCC_WARN_64_TO_32_BIT_CONVERSION = YES;
				GCC_WARN_ABOUT_RETURN_TYPE = YES_ERROR;
				GCC_WARN_UNDECLARED_SELECTOR = YES;
				GCC_WARN_UNINITIALIZED_AUTOS = YES_AGGRESSIVE;
				GCC_WARN_UNUSED_FUNCTION = YES;
				GCC_WARN_UNUSED_VARIABLE = YES;
				IPHONEOS_DEPLOYMENT_TARGET = 9.3;
				MTL_ENABLE_DEBUG_INFO = YES;
				ONLY_ACTIVE_ARCH = YES;
				SDKROOT = iphoneos;
				SWIFT_OPTIMIZATION_LEVEL = "-Onone";
			};
			name = Debug;
		};
		8532D9E71D94F4BA00DE4141 /* Release */ = {
			isa = XCBuildConfiguration;
			buildSettings = {
				ALWAYS_SEARCH_USER_PATHS = NO;
				CLANG_ANALYZER_NONNULL = YES;
				CLANG_CXX_LANGUAGE_STANDARD = "gnu++0x";
				CLANG_CXX_LIBRARY = "libc++";
				CLANG_ENABLE_MODULES = YES;
				CLANG_ENABLE_OBJC_ARC = YES;
				CLANG_WARN_BOOL_CONVERSION = YES;
				CLANG_WARN_CONSTANT_CONVERSION = YES;
				CLANG_WARN_DIRECT_OBJC_ISA_USAGE = YES_ERROR;
				CLANG_WARN_EMPTY_BODY = YES;
				CLANG_WARN_ENUM_CONVERSION = YES;
				CLANG_WARN_INT_CONVERSION = YES;
				CLANG_WARN_OBJC_ROOT_CLASS = YES_ERROR;
				CLANG_WARN_UNREACHABLE_CODE = YES;
				CLANG_WARN__DUPLICATE_METHOD_MATCH = YES;
				"CODE_SIGN_IDENTITY[sdk=iphoneos*]" = "iPhone Developer";
				COPY_PHASE_STRIP = NO;
				DEBUG_INFORMATION_FORMAT = "dwarf-with-dsym";
				ENABLE_NS_ASSERTIONS = NO;
				ENABLE_STRICT_OBJC_MSGSEND = YES;
				GCC_C_LANGUAGE_STANDARD = gnu99;
				GCC_NO_COMMON_BLOCKS = YES;
				GCC_WARN_64_TO_32_BIT_CONVERSION = YES;
				GCC_WARN_ABOUT_RETURN_TYPE = YES_ERROR;
				GCC_WARN_UNDECLARED_SELECTOR = YES;
				GCC_WARN_UNINITIALIZED_AUTOS = YES_AGGRESSIVE;
				GCC_WARN_UNUSED_FUNCTION = YES;
				GCC_WARN_UNUSED_VARIABLE = YES;
				IPHONEOS_DEPLOYMENT_TARGET = 9.3;
				MTL_ENABLE_DEBUG_INFO = NO;
				SDKROOT = iphoneos;
				VALIDATE_PRODUCT = YES;
			};
			name = Release;
		};
		8532D9E91D94F4BA00DE4141 /* Debug */ = {
			isa = XCBuildConfiguration;
			buildSettings = {
				ASSETCATALOG_COMPILER_APPICON_NAME = AppIcon;
				CLANG_ENABLE_MODULES = YES;
				INFOPLIST_FILE = SlideoutMenuSwift/Info.plist;
				LD_RUNPATH_SEARCH_PATHS = "$(inherited) @executable_path/Frameworks";
				PRODUCT_BUNDLE_IDENTIFIER = com.SlideoutMenuSwift;
				PRODUCT_NAME = "$(TARGET_NAME)";
				SWIFT_OBJC_BRIDGING_HEADER = "SlideoutMenuSwift/SlideoutMenuSwift-Bridging-Header.h";
				SWIFT_OPTIMIZATION_LEVEL = "-Onone";
			};
			name = Debug;
		};
		8532D9EA1D94F4BA00DE4141 /* Release */ = {
			isa = XCBuildConfiguration;
			buildSettings = {
				ASSETCATALOG_COMPILER_APPICON_NAME = AppIcon;
				CLANG_ENABLE_MODULES = YES;
				INFOPLIST_FILE = SlideoutMenuSwift/Info.plist;
				LD_RUNPATH_SEARCH_PATHS = "$(inherited) @executable_path/Frameworks";
				PRODUCT_BUNDLE_IDENTIFIER = com.SlideoutMenuSwift;
				PRODUCT_NAME = "$(TARGET_NAME)";
				SWIFT_OBJC_BRIDGING_HEADER = "SlideoutMenuSwift/SlideoutMenuSwift-Bridging-Header.h";
			};
			name = Release;
		};
/* End XCBuildConfiguration section */

/* Begin XCConfigurationList section */
		8532D9D11D94F4BA00DE4141 /* Build configuration list for PBXProject "SlideoutMenuSwift" */ = {
			isa = XCConfigurationList;
			buildConfigurations = (
				8532D9E61D94F4BA00DE4141 /* Debug */,
				8532D9E71D94F4BA00DE4141 /* Release */,
			);
			defaultConfigurationIsVisible = 0;
			defaultConfigurationName = Release;
		};
		8532D9E81D94F4BA00DE4141 /* Build configuration list for PBXNativeTarget "SlideoutMenuSwift" */ = {
			isa = XCConfigurationList;
			buildConfigurations = (
				8532D9E91D94F4BA00DE4141 /* Debug */,
				8532D9EA1D94F4BA00DE4141 /* Release */,
			);
			defaultConfigurationIsVisible = 0;
			defaultConfigurationName = Release;
		};
/* End XCConfigurationList section */
	};
	rootObject = 8532D9CE1D94F4BA00DE4141 /* Project object */;
}
